hash: 277d7c8de8ef73c9317959676771a40b5ee689d400b21562f578c6973ec69776
updated: 2018-11-09T15:58:45.227393-05:00
imports:
- name: github.com/BurntSushi/toml
  version: 3012a1dbe2e4bd1391d42b32f0577cb7bbc7f005
- name: github.com/dkrieger/redistream
  version: 0194c388971840cc39bce267d8a80109fcce0fe9
- name: github.com/go-redis/redis
  version: 58f22c56fdbdf07f5d6f5e397a6e134b94c65b0c
  subpackages:
  - internal
  - internal/consistenthash
  - internal/hashtag
  - internal/pool
  - internal/proto
  - internal/singleflight
  - internal/util
- name: gopkg.in/urfave/cli.v1
  version: cfb38830724cc34fedffe9a2a29fb54fa9169cd1
  subpackages:
  - altsrc
- name: gopkg.in/yaml.v2
  version: 5420a8b6744d3b0345ab293f6fcba19c978f1183
testImports: []
